
Microsoft Visual Studio Solution File, Format Version 12.00
# Visual Studio Version 16
VisualStudioVersion = 16.0.31515.178
MinimumVisualStudioVersion = 10.0.40219.1
Project("{FAE04EC0-301F-11D3-BF4B-00C04F79EFBC}") = "AntaresUtilsNetFramework", "AntaresUtilsNetFramework\AntaresUtilsNetFramework.csproj", "{0B003F61-63BA-4BA6-B82E-BD51F598C063}"
EndProject
Project("{FAE04EC0-301F-11D3-BF4B-00C04F79EFBC}") = "AntaresUtilities", "AntaresUtilities\AntaresUtilities.csproj", "{30AE4CEB-CE62-4C9D-B628-92E072F6AB80}"
EndProject
Global
	GlobalSection(SolutionConfigurationPlatforms) = preSolution
		Debug|Any CPU = Debug|Any CPU
		Release|Any CPU = Release|Any CPU
	EndGlobalSection
	GlobalSection(ProjectConfigurationPlatforms) = postSolution
		{0B003F61-63BA-4BA6-B82E-BD51F598C063}.Debug|Any CPU.ActiveCfg = Debug|Any CPU
		{0B003F61-63BA-4BA6-B82E-BD51F598C063}.Debug|Any CPU.Build.0 = Debug|Any CPU
		{0B003F61-63BA-4BA6-B82E-BD51F598C063}.Release|Any CPU.ActiveCfg = Release|Any CPU
		{0B003F61-63BA-4BA6-B82E-BD51F598C063}.Release|Any CPU.Build.0 = Release|Any CPU
		{30AE4CEB-CE62-4C9D-B628-92E072F6AB80}.Debug|Any CPU.ActiveCfg = Debug|Any CPU
		{30AE4CEB-CE62-4C9D-B628-92E072F6AB80}.Debug|Any CPU.Build.0 = Debug|Any CPU
		{30AE4CEB-CE62-4C9D-B628-92E072F6AB80}.Release|Any CPU.ActiveCfg = Release|Any CPU
		{30AE4CEB-CE62-4C9D-B628-92E072F6AB80}.Release|Any CPU.Build.0 = Release|Any CPU
	EndGlobalSection
	GlobalSection(SolutionProperties) = preSolution
		HideSolutionNode = FALSE
	EndGlobalSection
	GlobalSection(ExtensibilityGlobals) = postSolution
		SolutionGuid = {6E0C6189-5EAD-4C8F-B906-8EFE62790C79}
	EndGlobalSection
EndGlobal
